
Microsoft Visual Studio Solution File, Format Version 11.00
# Visual C# Express 2010
Project("{FAE04EC0-301F-11D3-BF4B-00C04F79EFBC}") = "Symbolism", "Symbolism\Symbolism.csproj", "{067278C5-2A0F-42DE-838B-855EFB652608}"
EndProject
Project("{FAE04EC0-301F-11D3-BF4B-00C04F79EFBC}") = "Tests", "Tests\Tests.csproj", "{9E996759-C2E9-4265-A8CE-16341B26D1CC}"
EndProject
Project("{FAE04EC0-301F-11D3-BF4B-00C04F79EFBC}") = "Physics", "Physics\Physics.csproj", "{73E0C26D-5333-4575-A3E9-5388E975446E}"
EndProject
Project("{FAE04EC0-301F-11D3-BF4B-00C04F79EFBC}") = "PSE Example 4.3 The Long-Jump", "PSE Example 4.3 The Long-Jump\PSE Example 4.3 The Long-Jump.csproj", "{51C1B8ED-EDB7-443F-BE76-58A881EEFB20}"
EndProject
Global
	GlobalSection(SolutionConfigurationPlatforms) = preSolution
		Debug|x86 = Debug|x86
		Release|x86 = Release|x86
	EndGlobalSection
	GlobalSection(ProjectConfigurationPlatforms) = postSolution
		{067278C5-2A0F-42DE-838B-855EFB652608}.Debug|x86.ActiveCfg = Debug|x86
		{067278C5-2A0F-42DE-838B-855EFB652608}.Debug|x86.Build.0 = Debug|x86
		{067278C5-2A0F-42DE-838B-855EFB652608}.Release|x86.ActiveCfg = Release|x86
		{067278C5-2A0F-42DE-838B-855EFB652608}.Release|x86.Build.0 = Release|x86
		{9E996759-C2E9-4265-A8CE-16341B26D1CC}.Debug|x86.ActiveCfg = Debug|x86
		{9E996759-C2E9-4265-A8CE-16341B26D1CC}.Debug|x86.Build.0 = Debug|x86
		{9E996759-C2E9-4265-A8CE-16341B26D1CC}.Release|x86.ActiveCfg = Release|x86
		{9E996759-C2E9-4265-A8CE-16341B26D1CC}.Release|x86.Build.0 = Release|x86
		{73E0C26D-5333-4575-A3E9-5388E975446E}.Debug|x86.ActiveCfg = Debug|x86
		{73E0C26D-5333-4575-A3E9-5388E975446E}.Debug|x86.Build.0 = Debug|x86
		{73E0C26D-5333-4575-A3E9-5388E975446E}.Release|x86.ActiveCfg = Release|x86
		{73E0C26D-5333-4575-A3E9-5388E975446E}.Release|x86.Build.0 = Release|x86
		{51C1B8ED-EDB7-443F-BE76-58A881EEFB20}.Debug|x86.ActiveCfg = Debug|x86
		{51C1B8ED-EDB7-443F-BE76-58A881EEFB20}.Debug|x86.Build.0 = Debug|x86
		{51C1B8ED-EDB7-443F-BE76-58A881EEFB20}.Release|x86.ActiveCfg = Release|x86
		{51C1B8ED-EDB7-443F-BE76-58A881EEFB20}.Release|x86.Build.0 = Release|x86
	EndGlobalSection
	GlobalSection(SolutionProperties) = preSolution
		HideSolutionNode = FALSE
	EndGlobalSection
EndGlobal
