
Microsoft Visual Studio Solution File, Format Version 12.00
# Visual Studio Version 16
VisualStudioVersion = 16.0.28922.388
MinimumVisualStudioVersion = 10.0.40219.1
Project("{FAE04EC0-301F-11D3-BF4B-00C04F79EFBC}") = "Symbolism", "Symbolism\Symbolism.csproj", "{9CC7DD8E-6B95-4043-AEEF-E869AF263C2E}"
EndProject
Project("{FAE04EC0-301F-11D3-BF4B-00C04F79EFBC}") = "Tests", "Tests\Tests.csproj", "{190D8FCC-CEAB-4A96-8581-063140DDC3AD}"
EndProject
Global
	GlobalSection(SolutionConfigurationPlatforms) = preSolution
		Debug|Any CPU = Debug|Any CPU
		Release|Any CPU = Release|Any CPU
	EndGlobalSection
	GlobalSection(ProjectConfigurationPlatforms) = postSolution
		{9CC7DD8E-6B95-4043-AEEF-E869AF263C2E}.Debug|Any CPU.ActiveCfg = Debug|Any CPU
		{9CC7DD8E-6B95-4043-AEEF-E869AF263C2E}.Debug|Any CPU.Build.0 = Debug|Any CPU
		{9CC7DD8E-6B95-4043-AEEF-E869AF263C2E}.Release|Any CPU.ActiveCfg = Release|Any CPU
		{9CC7DD8E-6B95-4043-AEEF-E869AF263C2E}.Release|Any CPU.Build.0 = Release|Any CPU
		{190D8FCC-CEAB-4A96-8581-063140DDC3AD}.Debug|Any CPU.ActiveCfg = Debug|Any CPU
		{190D8FCC-CEAB-4A96-8581-063140DDC3AD}.Debug|Any CPU.Build.0 = Debug|Any CPU
		{190D8FCC-CEAB-4A96-8581-063140DDC3AD}.Release|Any CPU.ActiveCfg = Release|Any CPU
		{190D8FCC-CEAB-4A96-8581-063140DDC3AD}.Release|Any CPU.Build.0 = Release|Any CPU
	EndGlobalSection
	GlobalSection(SolutionProperties) = preSolution
		HideSolutionNode = FALSE
	EndGlobalSection
	GlobalSection(ExtensibilityGlobals) = postSolution
		SolutionGuid = {9F3C1383-76DC-4249-9DD3-5D76D1E48DC7}
	EndGlobalSection
EndGlobal
